{
  "nodes": {
    "nixos": {
      "locked": {
        "lastModified": 1644026202,
        "narHash": "sha256-EN9MoDXNcDu+kd1cxZg5PplEtZUllSYCHY5pBmxeoP4=",
        "owner": "nixos",
        "repo": "nixpkgs",
        "rev": "88dcc4ff3ba0a78b829ffd2c6d7c4499bf675419",
        "type": "github"
      },
      "original": {
        "owner": "nixos",
        "ref": "nixos-21.11",
        "repo": "nixpkgs",
        "type": "github"
      }
    },
    "nixpkgs": {
      "locked": {
        "lastModified": 1643653624,
        "narHash": "sha256-+8hLMsQrZ2rkvcEtEId6HMe8GPxVb5ga+Vh1fdsqJDU=",
        "owner": "NixOS",
        "repo": "nixpkgs",
        "rev": "a529f0c125a78343b145a8eb2b915b0295e4f459",
        "type": "github"
      },
      "original": {
        "id": "nixpkgs",
        "type": "indirect"
      }
    },
    "root": {
      "inputs": {
        "nixos": "nixos",
        "nixpkgs": "nixpkgs"
      }
    }
  },
  "root": "root",
  "version": 7
}
